// !$*UTF8*$!
{
	archiveVersion = 1;
	classes = {
	};
	objectVersion = 56;
	objects = {

/* Begin PBXBuildFile section */
		488303592BD541E800A9F87E /* myAEDES_QuizApp.swift in Sources */ = {isa = PBXBuildFile; fileRef = 488303582BD541E800A9F87E /* myAEDES_QuizApp.swift */; };
		4883035B2BD541E800A9F87E /* ContentView.swift in Sources */ = {isa = PBXBuildFile; fileRef = 4883035A2BD541E800A9F87E /* ContentView.swift */; };
		4883035D2BD541EA00A9F87E /* Assets.xcassets in Resources */ = {isa = PBXBuildFile; fileRef = 4883035C2BD541EA00A9F87E /* Assets.xcassets */; };
		488303602BD541EA00A9F87E /* Preview Assets.xcassets in Resources */ = {isa = PBXBuildFile; fileRef = 4883035F2BD541EA00A9F87E /* Preview Assets.xcassets */; };
		4883036A2BD541EA00A9F87E /* myAEDES_QuizTests.swift in Sources */ = {isa = PBXBuildFile; fileRef = 488303692BD541EA00A9F87E /* myAEDES_QuizTests.swift */; };
		488303742BD541EA00A9F87E /* myAEDES_QuizUITests.swift in Sources */ = {isa = PBXBuildFile; fileRef = 488303732BD541EA00A9F87E /* myAEDES_QuizUITests.swift */; };
		488303762BD541EA00A9F87E /* myAEDES_QuizUITestsLaunchTests.swift in Sources */ = {isa = PBXBuildFile; fileRef = 488303752BD541EA00A9F87E /* myAEDES_QuizUITestsLaunchTests.swift */; };
		488303832BD5445A00A9F87E /* MainMenuView.swift in Sources */ = {isa = PBXBuildFile; fileRef = 488303822BD5445A00A9F87E /* MainMenuView.swift */; };
		488303852BD5446800A9F87E /* QuizView.swift in Sources */ = {isa = PBXBuildFile; fileRef = 488303842BD5446800A9F87E /* QuizView.swift */; };
		488303872BD55A0A00A9F87E /* Domanda.swift in Sources */ = {isa = PBXBuildFile; fileRef = 488303862BD55A0A00A9F87E /* Domanda.swift */; };
		488303892BD55B4A00A9F87E /* Quiz.swift in Sources */ = {isa = PBXBuildFile; fileRef = 488303882BD55B4A00A9F87E /* Quiz.swift */; };
/* End PBXBuildFile section */

/* Begin PBXContainerItemProxy section */
		488303662BD541EA00A9F87E /* PBXContainerItemProxy */ = {
			isa = PBXContainerItemProxy;
			containerPortal = 4883034D2BD541E800A9F87E /* Project object */;
			proxyType = 1;
			remoteGlobalIDString = 488303542BD541E800A9F87E;
			remoteInfo = "myAEDES Quiz";
		};
		488303702BD541EA00A9F87E /* PBXContainerItemProxy */ = {
			isa = PBXContainerItemProxy;
			containerPortal = 4883034D2BD541E800A9F87E /* Project object */;
			proxyType = 1;
			remoteGlobalIDString = 488303542BD541E800A9F87E;
			remoteInfo = "myAEDES Quiz";
		};
/* End PBXContainerItemProxy section */

/* Begin PBXFileReference section */
		488303552BD541E800A9F87E /* myAEDES Quiz.app */ = {isa = PBXFileReference; explicitFileType = wrapper.application; includeInIndex = 0; path = "myAEDES Quiz.app"; sourceTree = BUILT_PRODUCTS_DIR; };
		488303582BD541E800A9F87E /* myAEDES_QuizApp.swift */ = {isa = PBXFileReference; lastKnownFileType = sourcecode.swift; path = myAEDES_QuizApp.swift; sourceTree = "<group>"; };
		4883035A2BD541E800A9F87E /* ContentView.swift */ = {isa = PBXFileReference; lastKnownFileType = sourcecode.swift; path = ContentView.swift; sourceTree = "<group>"; };
		4883035C2BD541EA00A9F87E /* Assets.xcassets */ = {isa = PBXFileReference; lastKnownFileType = folder.assetcatalog; path = Assets.xcassets; sourceTree = "<group>"; };
		4883035F2BD541EA00A9F87E /* Preview Assets.xcassets */ = {isa = PBXFileReference; lastKnownFileType = folder.assetcatalog; path = "Preview Assets.xcassets"; sourceTree = "<group>"; };
		488303652BD541EA00A9F87E /* myAEDES QuizTests.xctest */ = {isa = PBXFileReference; explicitFileType = wrapper.cfbundle; includeInIndex = 0; path = "myAEDES QuizTests.xctest"; sourceTree = BUILT_PRODUCTS_DIR; };
		488303692BD541EA00A9F87E /* myAEDES_QuizTests.swift */ = {isa = PBXFileReference; lastKnownFileType = sourcecode.swift; path = myAEDES_QuizTests.swift; sourceTree = "<group>"; };
		4883036F2BD541EA00A9F87E /* myAEDES QuizUITests.xctest */ = {isa = PBXFileReference; explicitFileType = wrapper.cfbundle; includeInIndex = 0; path = "myAEDES QuizUITests.xctest"; sourceTree = BUILT_PRODUCTS_DIR; };
		488303732BD541EA00A9F87E /* myAEDES_QuizUITests.swift */ = {isa = PBXFileReference; lastKnownFileType = sourcecode.swift; path = myAEDES_QuizUITests.swift; sourceTree = "<group>"; };
		488303752BD541EA00A9F87E /* myAEDES_QuizUITestsLaunchTests.swift */ = {isa = PBXFileReference; lastKnownFileType = sourcecode.swift; path = myAEDES_QuizUITestsLaunchTests.swift; sourceTree = "<group>"; };
		488303822BD5445A00A9F87E /* MainMenuView.swift */ = {isa = PBXFileReference; lastKnownFileType = sourcecode.swift; path = MainMenuView.swift; sourceTree = "<group>"; };
		488303842BD5446800A9F87E /* QuizView.swift */ = {isa = PBXFileReference; lastKnownFileType = sourcecode.swift; path = QuizView.swift; sourceTree = "<group>"; };
		488303862BD55A0A00A9F87E /* Domanda.swift */ = {isa = PBXFileReference; lastKnownFileType = sourcecode.swift; path = Domanda.swift; sourceTree = "<group>"; };
		488303882BD55B4A00A9F87E /* Quiz.swift */ = {isa = PBXFileReference; lastKnownFileType = sourcecode.swift; path = Quiz.swift; sourceTree = "<group>"; };
/* End PBXFileReference section */

/* Begin PBXFrameworksBuildPhase section */
		488303522BD541E800A9F87E /* Frameworks */ = {
			isa = PBXFrameworksBuildPhase;
			buildActionMask = 2147483647;
			files = (
			);
			runOnlyForDeploymentPostprocessing = 0;
		};
		488303622BD541EA00A9F87E /* Frameworks */ = {
			isa = PBXFrameworksBuildPhase;
			buildActionMask = 2147483647;
			files = (
			);
			runOnlyForDeploymentPostprocessing = 0;
		};
		4883036C2BD541EA00A9F87E /* Frameworks */ = {
			isa = PBXFrameworksBuildPhase;
			buildActionMask = 2147483647;
			files = (
			);
			runOnlyForDeploymentPostprocessing = 0;
		};
/* End PBXFrameworksBuildPhase section */

/* Begin PBXGroup section */
		4883034C2BD541E800A9F87E = {
			isa = PBXGroup;
			children = (
				488303572BD541E800A9F87E /* myAEDES Quiz */,
				488303682BD541EA00A9F87E /* myAEDES QuizTests */,
				488303722BD541EA00A9F87E /* myAEDES QuizUITests */,
				488303562BD541E800A9F87E /* Products */,
			);
			sourceTree = "<group>";
		};
		488303562BD541E800A9F87E /* Products */ = {
			isa = PBXGroup;
			children = (
				488303552BD541E800A9F87E /* myAEDES Quiz.app */,
				488303652BD541EA00A9F87E /* myAEDES QuizTests.xctest */,
				4883036F2BD541EA00A9F87E /* myAEDES QuizUITests.xctest */,
			);
			name = Products;
			sourceTree = "<group>";
		};
		488303572BD541E800A9F87E /* myAEDES Quiz */ = {
			isa = PBXGroup;
			children = (
				488303582BD541E800A9F87E /* myAEDES_QuizApp.swift */,
				4883035A2BD541E800A9F87E /* ContentView.swift */,
				488303822BD5445A00A9F87E /* MainMenuView.swift */,
				488303842BD5446800A9F87E /* QuizView.swift */,
				488303862BD55A0A00A9F87E /* Domanda.swift */,
				488303882BD55B4A00A9F87E /* Quiz.swift */,
				4883035C2BD541EA00A9F87E /* Assets.xcassets */,
				4883035E2BD541EA00A9F87E /* Preview Content */,
			);
			path = "myAEDES Quiz";
			sourceTree = "<group>";
		};
		4883035E2BD541EA00A9F87E /* Preview Content */ = {
			isa = PBXGroup;
			children = (
				4883035F2BD541EA00A9F87E /* Preview Assets.xcassets */,
			);
			path = "Preview Content";
			sourceTree = "<group>";
		};
		488303682BD541EA00A9F87E /* myAEDES QuizTests */ = {
			isa = PBXGroup;
			children = (
				488303692BD541EA00A9F87E /* myAEDES_QuizTests.swift */,
			);
			path = "myAEDES QuizTests";
			sourceTree = "<group>";
		};
		488303722BD541EA00A9F87E /* myAEDES QuizUITests */ = {
			isa = PBXGroup;
			children = (
				488303732BD541EA00A9F87E /* myAEDES_QuizUITests.swift */,
				488303752BD541EA00A9F87E /* myAEDES_QuizUITestsLaunchTests.swift */,
			);
			path = "myAEDES QuizUITests";
			sourceTree = "<group>";
		};
/* End PBXGroup section */

/* Begin PBXNativeTarget section */
		488303542BD541E800A9F87E /* myAEDES Quiz */ = {
			isa = PBXNativeTarget;
			buildConfigurationList = 488303792BD541EA00A9F87E /* Build configuration list for PBXNativeTarget "myAEDES Quiz" */;
			buildPhases = (
				488303512BD541E800A9F87E /* Sources */,
				488303522BD541E800A9F87E /* Frameworks */,
				488303532BD541E800A9F87E /* Resources */,
			);
			buildRules = (
			);
			dependencies = (
			);
			name = "myAEDES Quiz";
			productName = "myAEDES Quiz";
			productReference = 488303552BD541E800A9F87E /* myAEDES Quiz.app */;
			productType = "com.apple.product-type.application";
		};
		488303642BD541EA00A9F87E /* myAEDES QuizTests */ = {
			isa = PBXNativeTarget;
			buildConfigurationList = 4883037C2BD541EA00A9F87E /* Build configuration list for PBXNativeTarget "myAEDES QuizTests" */;
			buildPhases = (
				488303612BD541EA00A9F87E /* Sources */,
				488303622BD541EA00A9F87E /* Frameworks */,
				488303632BD541EA00A9F87E /* Resources */,
			);
			buildRules = (
			);
			dependencies = (
				488303672BD541EA00A9F87E /* PBXTargetDependency */,
			);
			name = "myAEDES QuizTests";
			productName = "myAEDES QuizTests";
			productReference = 488303652BD541EA00A9F87E /* myAEDES QuizTests.xctest */;
			productType = "com.apple.product-type.bundle.unit-test";
		};
		4883036E2BD541EA00A9F87E /* myAEDES QuizUITests */ = {
			isa = PBXNativeTarget;
			buildConfigurationList = 4883037F2BD541EA00A9F87E /* Build configuration list for PBXNativeTarget "myAEDES QuizUITests" */;
			buildPhases = (
				4883036B2BD541EA00A9F87E /* Sources */,
				4883036C2BD541EA00A9F87E /* Frameworks */,
				4883036D2BD541EA00A9F87E /* Resources */,
			);
			buildRules = (
			);
			dependencies = (
				488303712BD541EA00A9F87E /* PBXTargetDependency */,
			);
			name = "myAEDES QuizUITests";
			productName = "myAEDES QuizUITests";
			productReference = 4883036F2BD541EA00A9F87E /* myAEDES QuizUITests.xctest */;
			productType = "com.apple.product-type.bundle.ui-testing";
		};
/* End PBXNativeTarget section */

/* Begin PBXProject section */
		4883034D2BD541E800A9F87E /* Project object */ = {
			isa = PBXProject;
			attributes = {
				BuildIndependentTargetsInParallel = 1;
				LastSwiftUpdateCheck = 1530;
				LastUpgradeCheck = 1530;
				TargetAttributes = {
					488303542BD541E800A9F87E = {
						CreatedOnToolsVersion = 15.3;
					};
					488303642BD541EA00A9F87E = {
						CreatedOnToolsVersion = 15.3;
						TestTargetID = 488303542BD541E800A9F87E;
					};
					4883036E2BD541EA00A9F87E = {
						CreatedOnToolsVersion = 15.3;
						TestTargetID = 488303542BD541E800A9F87E;
					};
				};
			};
			buildConfigurationList = 488303502BD541E800A9F87E /* Build configuration list for PBXProject "myAEDES Quiz" */;
			compatibilityVersion = "Xcode 14.0";
			developmentRegion = en;
			hasScannedForEncodings = 0;
			knownRegions = (
				en,
				Base,
			);
			mainGroup = 4883034C2BD541E800A9F87E;
			productRefGroup = 488303562BD541E800A9F87E /* Products */;
			projectDirPath = "";
			projectRoot = "";
			targets = (
				488303542BD541E800A9F87E /* myAEDES Quiz */,
				488303642BD541EA00A9F87E /* myAEDES QuizTests */,
				4883036E2BD541EA00A9F87E /* myAEDES QuizUITests */,
			);
		};
/* End PBXProject section */

/* Begin PBXResourcesBuildPhase section */
		488303532BD541E800A9F87E /* Resources */ = {
			isa = PBXResourcesBuildPhase;
			buildActionMask = 2147483647;
			files = (
				488303602BD541EA00A9F87E /* Preview Assets.xcassets in Resources */,
				4883035D2BD541EA00A9F87E /* Assets.xcassets in Resources */,
			);
			runOnlyForDeploymentPostprocessing = 0;
		};
		488303632BD541EA00A9F87E /* Resources */ = {
			isa = PBXResourcesBuildPhase;
			buildActionMask = 2147483647;
			files = (
			);
			runOnlyForDeploymentPostprocessing = 0;
		};
		4883036D2BD541EA00A9F87E /* Resources */ = {
			isa = PBXResourcesBuildPhase;
			buildActionMask = 2147483647;
			files = (
			);
			runOnlyForDeploymentPostprocessing = 0;
		};
/* End PBXResourcesBuildPhase section */

/* Begin PBXSourcesBuildPhase section */
		488303512BD541E800A9F87E /* Sources */ = {
			isa = PBXSourcesBuildPhase;
			buildActionMask = 2147483647;
			files = (
				488303832BD5445A00A9F87E /* MainMenuView.swift in Sources */,
				488303872BD55A0A00A9F87E /* Domanda.swift in Sources */,
				488303892BD55B4A00A9F87E /* Quiz.swift in Sources */,
				488303852BD5446800A9F87E /* QuizView.swift in Sources */,
				4883035B2BD541E800A9F87E /* ContentView.swift in Sources */,
				488303592BD541E800A9F87E /* myAEDES_QuizApp.swift in Sources */,
			);
			runOnlyForDeploymentPostprocessing = 0;
		};
		488303612BD541EA00A9F87E /* Sources */ = {
			isa = PBXSourcesBuildPhase;
			buildActionMask = 2147483647;
			files = (
				4883036A2BD541EA00A9F87E /* myAEDES_QuizTests.swift in Sources */,
			);
			runOnlyForDeploymentPostprocessing = 0;
		};
		4883036B2BD541EA00A9F87E /* Sources */ = {
			isa = PBXSourcesBuildPhase;
			buildActionMask = 2147483647;
			files = (
				488303762BD541EA00A9F87E /* myAEDES_QuizUITestsLaunchTests.swift in Sources */,
				488303742BD541EA00A9F87E /* myAEDES_QuizUITests.swift in Sources */,
			);
			runOnlyForDeploymentPostprocessing = 0;
		};
/* End PBXSourcesBuildPhase section */

/* Begin PBXTargetDependency section */
		488303672BD541EA00A9F87E /* PBXTargetDependency */ = {
			isa = PBXTargetDependency;
			target = 488303542BD541E800A9F87E /* myAEDES Quiz */;
			targetProxy = 488303662BD541EA00A9F87E /* PBXContainerItemProxy */;
		};
		488303712BD541EA00A9F87E /* PBXTargetDependency */ = {
			isa = PBXTargetDependency;
			target = 488303542BD541E800A9F87E /* myAEDES Quiz */;
			targetProxy = 488303702BD541EA00A9F87E /* PBXContainerItemProxy */;
		};
/* End PBXTargetDependency section */

/* Begin XCBuildConfiguration section */
		488303772BD541EA00A9F87E /* Debug */ = {
			isa = XCBuildConfiguration;
			buildSettings = {
				ALWAYS_SEARCH_USER_PATHS = NO;
				ASSETCATALOG_COMPILER_GENERATE_SWIFT_ASSET_SYMBOL_EXTENSIONS = YES;
				CLANG_ANALYZER_NONNULL = YES;
				CLANG_ANALYZER_NUMBER_OBJECT_CONVERSION = YES_AGGRESSIVE;
				CLANG_CXX_LANGUAGE_STANDARD = "gnu++20";
				CLANG_ENABLE_MODULES = YES;
				CLANG_ENABLE_OBJC_ARC = YES;
				CLANG_ENABLE_OBJC_WEAK = YES;
				CLANG_WARN_BLOCK_CAPTURE_AUTORELEASING = YES;
				CLANG_WARN_BOOL_CONVERSION = YES;
				CLANG_WARN_COMMA = YES;
				CLANG_WARN_CONSTANT_CONVERSION = YES;
				CLANG_WARN_DEPRECATED_OBJC_IMPLEMENTATIONS = YES;
				CLANG_WARN_DIRECT_OBJC_ISA_USAGE = YES_ERROR;
				CLANG_WARN_DOCUMENTATION_COMMENTS = YES;
				CLANG_WARN_EMPTY_BODY = YES;
				CLANG_WARN_ENUM_CONVERSION = YES;
				CLANG_WARN_INFINITE_RECURSION = YES;
				CLANG_WARN_INT_CONVERSION = YES;
				CLANG_WARN_NON_LITERAL_NULL_CONVERSION = YES;
				CLANG_WARN_OBJC_IMPLICIT_RETAIN_SELF = YES;
				CLANG_WARN_OBJC_LITERAL_CONVERSION = YES;
				CLANG_WARN_OBJC_ROOT_CLASS = YES_ERROR;
				CLANG_WARN_QUOTED_INCLUDE_IN_FRAMEWORK_HEADER = YES;
				CLANG_WARN_RANGE_LOOP_ANALYSIS = YES;
				CLANG_WARN_STRICT_PROTOTYPES = YES;
				CLANG_WARN_SUSPICIOUS_MOVE = YES;
				CLANG_WARN_UNGUARDED_AVAILABILITY = YES_AGGRESSIVE;
				CLANG_WARN_UNREACHABLE_CODE = YES;
				CLANG_WARN__DUPLICATE_METHOD_MATCH = YES;
				COPY_PHASE_STRIP = NO;
				DEBUG_INFORMATION_FORMAT = dwarf;
				ENABLE_STRICT_OBJC_MSGSEND = YES;
				ENABLE_TESTABILITY = YES;
				ENABLE_USER_SCRIPT_SANDBOXING = YES;
				GCC_C_LANGUAGE_STANDARD = gnu17;
				GCC_DYNAMIC_NO_PIC = NO;
				GCC_NO_COMMON_BLOCKS = YES;
				GCC_OPTIMIZATION_LEVEL = 0;
				GCC_PREPROCESSOR_DEFINITIONS = (
					"DEBUG=1",
					"$(inherited)",
				);
				GCC_WARN_64_TO_32_BIT_CONVERSION = YES;
				GCC_WARN_ABOUT_RETURN_TYPE = YES_ERROR;
				GCC_WARN_UNDECLARED_SELECTOR = YES;
				GCC_WARN_UNINITIALIZED_AUTOS = YES_AGGRESSIVE;
				GCC_WARN_UNUSED_FUNCTION = YES;
				GCC_WARN_UNUSED_VARIABLE = YES;
				IPHONEOS_DEPLOYMENT_TARGET = 17.4;
				LOCALIZATION_PREFERS_STRING_CATALOGS = YES;
				MTL_ENABLE_DEBUG_INFO = INCLUDE_SOURCE;
				MTL_FAST_MATH = YES;
				ONLY_ACTIVE_ARCH = YES;
				SDKROOT = iphoneos;
				SWIFT_ACTIVE_COMPILATION_CONDITIONS = "DEBUG $(inherited)";
				SWIFT_OPTIMIZATION_LEVEL = "-Onone";
			};
			name = Debug;
		};
		488303782BD541EA00A9F87E /* Release */ = {
			isa = XCBuildConfiguration;
			buildSettings = {
				ALWAYS_SEARCH_USER_PATHS = NO;
				ASSETCATALOG_COMPILER_GENERATE_SWIFT_ASSET_SYMBOL_EXTENSIONS = YES;
				CLANG_ANALYZER_NONNULL = YES;
				CLANG_ANALYZER_NUMBER_OBJECT_CONVERSION = YES_AGGRESSIVE;
				CLANG_CXX_LANGUAGE_STANDARD = "gnu++20";
				CLANG_ENABLE_MODULES = YES;
				CLANG_ENABLE_OBJC_ARC = YES;
				CLANG_ENABLE_OBJC_WEAK = YES;
				CLANG_WARN_BLOCK_CAPTURE_AUTORELEASING = YES;
				CLANG_WARN_BOOL_CONVERSION = YES;
				CLANG_WARN_COMMA = YES;
				CLANG_WARN_CONSTANT_CONVERSION = YES;
				CLANG_WARN_DEPRECATED_OBJC_IMPLEMENTATIONS = YES;
				CLANG_WARN_DIRECT_OBJC_ISA_USAGE = YES_ERROR;
				CLANG_WARN_DOCUMENTATION_COMMENTS = YES;
				CLANG_WARN_EMPTY_BODY = YES;
				CLANG_WARN_ENUM_CONVERSION = YES;
				CLANG_WARN_INFINITE_RECURSION = YES;
				CLANG_WARN_INT_CONVERSION = YES;
				CLANG_WARN_NON_LITERAL_NULL_CONVERSION = YES;
				CLANG_WARN_OBJC_IMPLICIT_RETAIN_SELF = YES;
				CLANG_WARN_OBJC_LITERAL_CONVERSION = YES;
				CLANG_WARN_OBJC_ROOT_CLASS = YES_ERROR;
				CLANG_WARN_QUOTED_INCLUDE_IN_FRAMEWORK_HEADER = YES;
				CLANG_WARN_RANGE_LOOP_ANALYSIS = YES;
				CLANG_WARN_STRICT_PROTOTYPES = YES;
				CLANG_WARN_SUSPICIOUS_MOVE = YES;
				CLANG_WARN_UNGUARDED_AVAILABILITY = YES_AGGRESSIVE;
				CLANG_WARN_UNREACHABLE_CODE = YES;
				CLANG_WARN__DUPLICATE_METHOD_MATCH = YES;
				COPY_PHASE_STRIP = NO;
				DEBUG_INFORMATION_FORMAT = "dwarf-with-dsym";
				ENABLE_NS_ASSERTIONS = NO;
				ENABLE_STRICT_OBJC_MSGSEND = YES;
				ENABLE_USER_SCRIPT_SANDBOXING = YES;
				GCC_C_LANGUAGE_STANDARD = gnu17;
				GCC_NO_COMMON_BLOCKS = YES;
				GCC_WARN_64_TO_32_BIT_CONVERSION = YES;
				GCC_WARN_ABOUT_RETURN_TYPE = YES_ERROR;
				GCC_WARN_UNDECLARED_SELECTOR = YES;
				GCC_WARN_UNINITIALIZED_AUTOS = YES_AGGRESSIVE;
				GCC_WARN_UNUSED_FUNCTION = YES;
				GCC_WARN_UNUSED_VARIABLE = YES;
				IPHONEOS_DEPLOYMENT_TARGET = 17.4;
				LOCALIZATION_PREFERS_STRING_CATALOGS = YES;
				MTL_ENABLE_DEBUG_INFO = NO;
				MTL_FAST_MATH = YES;
				SDKROOT = iphoneos;
				SWIFT_COMPILATION_MODE = wholemodule;
				VALIDATE_PRODUCT = YES;
			};
			name = Release;
		};
		4883037A2BD541EA00A9F87E /* Debug */ = {
			isa = XCBuildConfiguration;
			buildSettings = {
				ASSETCATALOG_COMPILER_APPICON_NAME = AppIcon;
				ASSETCATALOG_COMPILER_GLOBAL_ACCENT_COLOR_NAME = AccentColor;
				CODE_SIGN_STYLE = Automatic;
				CURRENT_PROJECT_VERSION = 1;
				DEVELOPMENT_ASSET_PATHS = "\"myAEDES Quiz/Preview Content\"";
				DEVELOPMENT_TEAM = B88Y6SKUDD;
				ENABLE_PREVIEWS = YES;
				GENERATE_INFOPLIST_FILE = YES;
				INFOPLIST_KEY_UIApplicationSceneManifest_Generation = YES;
				INFOPLIST_KEY_UIApplicationSupportsIndirectInputEvents = YES;
				INFOPLIST_KEY_UILaunchScreen_Generation = YES;
				INFOPLIST_KEY_UISupportedInterfaceOrientations_iPad = "UIInterfaceOrientationPortrait UIInterfaceOrientationPortraitUpsideDown UIInterfaceOrientationLandscapeLeft UIInterfaceOrientationLandscapeRight";
				INFOPLIST_KEY_UISupportedInterfaceOrientations_iPhone = "UIInterfaceOrientationPortrait UIInterfaceOrientationLandscapeLeft UIInterfaceOrientationLandscapeRight";
				LD_RUNPATH_SEARCH_PATHS = (
					"$(inherited)",
					"@executable_path/Frameworks",
				);
				MARKETING_VERSION = 1.0;
				PRODUCT_BUNDLE_IDENTIFIER = "com.giovanniteresi.myAEDES-Quiz";
				PRODUCT_NAME = "$(TARGET_NAME)";
				SWIFT_EMIT_LOC_STRINGS = YES;
				SWIFT_VERSION = 5.0;
				TARGETED_DEVICE_FAMILY = "1,2";
			};
			name = Debug;
		};
		4883037B2BD541EA00A9F87E /* Release */ = {
			isa = XCBuildConfiguration;
			buildSettings = {
				ASSETCATALOG_COMPILER_APPICON_NAME = AppIcon;
				ASSETCATALOG_COMPILER_GLOBAL_ACCENT_COLOR_NAME = AccentColor;
				CODE_SIGN_STYLE = Automatic;
				CURRENT_PROJECT_VERSION = 1;
				DEVELOPMENT_ASSET_PATHS = "\"myAEDES Quiz/Preview Content\"";
				DEVELOPMENT_TEAM = B88Y6SKUDD;
				ENABLE_PREVIEWS = YES;
				GENERATE_INFOPLIST_FILE = YES;
				INFOPLIST_KEY_UIApplicationSceneManifest_Generation = YES;
				INFOPLIST_KEY_UIApplicationSupportsIndirectInputEvents = YES;
				INFOPLIST_KEY_UILaunchScreen_Generation = YES;
				INFOPLIST_KEY_UISupportedInterfaceOrientations_iPad = "UIInterfaceOrientationPortrait UIInterfaceOrientationPortraitUpsideDown UIInterfaceOrientationLandscapeLeft UIInterfaceOrientationLandscapeRight";
				INFOPLIST_KEY_UISupportedInterfaceOrientations_iPhone = "UIInterfaceOrientationPortrait UIInterfaceOrientationLandscapeLeft UIInterfaceOrientationLandscapeRight";
				LD_RUNPATH_SEARCH_PATHS = (
					"$(inherited)",
					"@executable_path/Frameworks",
				);
				MARKETING_VERSION = 1.0;
				PRODUCT_BUNDLE_IDENTIFIER = "com.giovanniteresi.myAEDES-Quiz";
				PRODUCT_NAME = "$(TARGET_NAME)";
				SWIFT_EMIT_LOC_STRINGS = YES;
				SWIFT_VERSION = 5.0;
				TARGETED_DEVICE_FAMILY = "1,2";
			};
			name = Release;
		};
		4883037D2BD541EA00A9F87E /* Debug */ = {
			isa = XCBuildConfiguration;
			buildSettings = {
				ALWAYS_EMBED_SWIFT_STANDARD_LIBRARIES = YES;
				BUNDLE_LOADER = "$(TEST_HOST)";
				CODE_SIGN_STYLE = Automatic;
				CURRENT_PROJECT_VERSION = 1;
				DEVELOPMENT_TEAM = B88Y6SKUDD;
				GENERATE_INFOPLIST_FILE = YES;
				IPHONEOS_DEPLOYMENT_TARGET = 17.4;
				MARKETING_VERSION = 1.0;
				PRODUCT_BUNDLE_IDENTIFIER = "com.giovanniteresi.myAEDES-QuizTests";
				PRODUCT_NAME = "$(TARGET_NAME)";
				SWIFT_EMIT_LOC_STRINGS = NO;
				SWIFT_VERSION = 5.0;
				TARGETED_DEVICE_FAMILY = "1,2";
				TEST_HOST = "$(BUILT_PRODUCTS_DIR)/myAEDES Quiz.app/$(BUNDLE_EXECUTABLE_FOLDER_PATH)/myAEDES Quiz";
			};
			name = Debug;
		};
		4883037E2BD541EA00A9F87E /* Release */ = {
			isa = XCBuildConfiguration;
			buildSettings = {
				ALWAYS_EMBED_SWIFT_STANDARD_LIBRARIES = YES;
				BUNDLE_LOADER = "$(TEST_HOST)";
				CODE_SIGN_STYLE = Automatic;
				CURRENT_PROJECT_VERSION = 1;
				DEVELOPMENT_TEAM = B88Y6SKUDD;
				GENERATE_INFOPLIST_FILE = YES;
				IPHONEOS_DEPLOYMENT_TARGET = 17.4;
				MARKETING_VERSION = 1.0;
				PRODUCT_BUNDLE_IDENTIFIER = "com.giovanniteresi.myAEDES-QuizTests";
				PRODUCT_NAME = "$(TARGET_NAME)";
				SWIFT_EMIT_LOC_STRINGS = NO;
				SWIFT_VERSION = 5.0;
				TARGETED_DEVICE_FAMILY = "1,2";
				TEST_HOST = "$(BUILT_PRODUCTS_DIR)/myAEDES Quiz.app/$(BUNDLE_EXECUTABLE_FOLDER_PATH)/myAEDES Quiz";
			};
			name = Release;
		};
		488303802BD541EA00A9F87E /* Debug */ = {
			isa = XCBuildConfiguration;
			buildSettings = {
				ALWAYS_EMBED_SWIFT_STANDARD_LIBRARIES = YES;
				CODE_SIGN_STYLE = Automatic;
				CURRENT_PROJECT_VERSION = 1;
				DEVELOPMENT_TEAM = B88Y6SKUDD;
				GENERATE_INFOPLIST_FILE = YES;
				MARKETING_VERSION = 1.0;
				PRODUCT_BUNDLE_IDENTIFIER = "com.giovanniteresi.myAEDES-QuizUITests";
				PRODUCT_NAME = "$(TARGET_NAME)";
				SWIFT_EMIT_LOC_STRINGS = NO;
				SWIFT_VERSION = 5.0;
				TARGETED_DEVICE_FAMILY = "1,2";
				TEST_TARGET_NAME = "myAEDES Quiz";
			};
			name = Debug;
		};
		488303812BD541EA00A9F87E /* Release */ = {
			isa = XCBuildConfiguration;
			buildSettings = {
				ALWAYS_EMBED_SWIFT_STANDARD_LIBRARIES = YES;
				CODE_SIGN_STYLE = Automatic;
				CURRENT_PROJECT_VERSION = 1;
				DEVELOPMENT_TEAM = B88Y6SKUDD;
				GENERATE_INFOPLIST_FILE = YES;
				MARKETING_VERSION = 1.0;
				PRODUCT_BUNDLE_IDENTIFIER = "com.giovanniteresi.myAEDES-QuizUITests";
				PRODUCT_NAME = "$(TARGET_NAME)";
				SWIFT_EMIT_LOC_STRINGS = NO;
				SWIFT_VERSION = 5.0;
				TARGETED_DEVICE_FAMILY = "1,2";
				TEST_TARGET_NAME = "myAEDES Quiz";
			};
			name = Release;
		};
/* End XCBuildConfiguration section */

/* Begin XCConfigurationList section */
		488303502BD541E800A9F87E /* Build configuration list for PBXProject "myAEDES Quiz" */ = {
			isa = XCConfigurationList;
			buildConfigurations = (
				488303772BD541EA00A9F87E /* Debug */,
				488303782BD541EA00A9F87E /* Release */,
			);
			defaultConfigurationIsVisible = 0;
			defaultConfigurationName = Release;
		};
		488303792BD541EA00A9F87E /* Build configuration list for PBXNativeTarget "myAEDES Quiz" */ = {
			isa = XCConfigurationList;
			buildConfigurations = (
				4883037A2BD541EA00A9F87E /* Debug */,
				4883037B2BD541EA00A9F87E /* Release */,
			);
			defaultConfigurationIsVisible = 0;
			defaultConfigurationName = Release;
		};
		4883037C2BD541EA00A9F87E /* Build configuration list for PBXNativeTarget "myAEDES QuizTests" */ = {
			isa = XCConfigurationList;
			buildConfigurations = (
				4883037D2BD541EA00A9F87E /* Debug */,
				4883037E2BD541EA00A9F87E /* Release */,
			);
			defaultConfigurationIsVisible = 0;
			defaultConfigurationName = Release;
		};
		4883037F2BD541EA00A9F87E /* Build configuration list for PBXNativeTarget "myAEDES QuizUITests" */ = {
			isa = XCConfigurationList;
			buildConfigurations = (
				488303802BD541EA00A9F87E /* Debug */,
				488303812BD541EA00A9F87E /* Release */,
			);
			defaultConfigurationIsVisible = 0;
			defaultConfigurationName = Release;
		};
/* End XCConfigurationList section */
	};
	rootObject = 4883034D2BD541E800A9F87E /* Project object */;
}
